
Microsoft Visual Studio Solution File, Format Version 12.00
# Visual Studio Version 17
VisualStudioVersion = 17.9.34723.18
MinimumVisualStudioVersion = 10.0.40219.1
Project("{FAE04EC0-301F-11D3-BF4B-00C04F79EFBC}") = "Facturas", "Facturas\Facturas.csproj", "{FA0584C0-822F-441E-ACB5-F61D730EBEB1}"
EndProject
Global
	GlobalSection(SolutionConfigurationPlatforms) = preSolution
		Debug|Any CPU = Debug|Any CPU
		Release|Any CPU = Release|Any CPU
	EndGlobalSection
	GlobalSection(ProjectConfigurationPlatforms) = postSolution
		{FA0584C0-822F-441E-ACB5-F61D730EBEB1}.Debug|Any CPU.ActiveCfg = Debug|Any CPU
		{FA0584C0-822F-441E-ACB5-F61D730EBEB1}.Debug|Any CPU.Build.0 = Debug|Any CPU
		{FA0584C0-822F-441E-ACB5-F61D730EBEB1}.Release|Any CPU.ActiveCfg = Release|Any CPU
		{FA0584C0-822F-441E-ACB5-F61D730EBEB1}.Release|Any CPU.Build.0 = Release|Any CPU
	EndGlobalSection
	GlobalSection(SolutionProperties) = preSolution
		HideSolutionNode = FALSE
	EndGlobalSection
	GlobalSection(ExtensibilityGlobals) = postSolution
		SolutionGuid = {10F2EC1E-D234-433B-9DE2-84183E3F3A84}
	EndGlobalSection
EndGlobal
